
Microsoft Visual Studio Solution File, Format Version 12.00
# Visual Studio 15
VisualStudioVersion = 15.0.27004.2008
MinimumVisualStudioVersion = 10.0.40219.1
Project("{8BC9CEB8-8B4A-11D0-8D11-00A0C91BC942}") = "P1", "HomoMa II\HomoMa II.vcxproj", "{A0588B81-268B-4208-AFA8-21A0A9967D7E}"
EndProject
Project("{8BC9CEB8-8B4A-11D0-8D11-00A0C91BC942}") = "P2", "P2\P2.vcxproj", "{F78AF2DF-621B-4AE2-AD93-2E4B535206BB}"
EndProject
Project("{8BC9CEB8-8B4A-11D0-8D11-00A0C91BC942}") = "P3", "P3\P3.vcxproj", "{5C3DF74B-99DE-4375-9780-C726320B2235}"
EndProject
Project("{8BC9CEB8-8B4A-11D0-8D11-00A0C91BC942}") = "P4", "P4\P4.vcxproj", "{C99FF1DE-F523-40F3-AF4F-0FC09B585BB7}"
EndProject
Project("{8BC9CEB8-8B4A-11D0-8D11-00A0C91BC942}") = "P5", "P5\P5.vcxproj", "{B1D4EC60-CEC3-4A0A-8AFB-0A02016DD20E}"
EndProject
Global
	GlobalSection(SolutionConfigurationPlatforms) = preSolution
		Debug|x64 = Debug|x64
		Debug|x86 = Debug|x86
		Release|x64 = Release|x64
		Release|x86 = Release|x86
	EndGlobalSection
	GlobalSection(ProjectConfigurationPlatforms) = postSolution
		{A0588B81-268B-4208-AFA8-21A0A9967D7E}.Debug|x64.ActiveCfg = Debug|x64
		{A0588B81-268B-4208-AFA8-21A0A9967D7E}.Debug|x64.Build.0 = Debug|x64
		{A0588B81-268B-4208-AFA8-21A0A9967D7E}.Debug|x86.ActiveCfg = Debug|Win32
		{A0588B81-268B-4208-AFA8-21A0A9967D7E}.Debug|x86.Build.0 = Debug|Win32
		{A0588B81-268B-4208-AFA8-21A0A9967D7E}.Release|x64.ActiveCfg = Release|x64
		{A0588B81-268B-4208-AFA8-21A0A9967D7E}.Release|x64.Build.0 = Release|x64
		{A0588B81-268B-4208-AFA8-21A0A9967D7E}.Release|x86.ActiveCfg = Release|Win32
		{A0588B81-268B-4208-AFA8-21A0A9967D7E}.Release|x86.Build.0 = Release|Win32
		{F78AF2DF-621B-4AE2-AD93-2E4B535206BB}.Debug|x64.ActiveCfg = Debug|x64
		{F78AF2DF-621B-4AE2-AD93-2E4B535206BB}.Debug|x64.Build.0 = Debug|x64
		{F78AF2DF-621B-4AE2-AD93-2E4B535206BB}.Debug|x86.ActiveCfg = Debug|Win32
		{F78AF2DF-621B-4AE2-AD93-2E4B535206BB}.Debug|x86.Build.0 = Debug|Win32
		{F78AF2DF-621B-4AE2-AD93-2E4B535206BB}.Release|x64.ActiveCfg = Release|x64
		{F78AF2DF-621B-4AE2-AD93-2E4B535206BB}.Release|x64.Build.0 = Release|x64
		{F78AF2DF-621B-4AE2-AD93-2E4B535206BB}.Release|x86.ActiveCfg = Release|Win32
		{F78AF2DF-621B-4AE2-AD93-2E4B535206BB}.Release|x86.Build.0 = Release|Win32
		{5C3DF74B-99DE-4375-9780-C726320B2235}.Debug|x64.ActiveCfg = Debug|x64
		{5C3DF74B-99DE-4375-9780-C726320B2235}.Debug|x64.Build.0 = Debug|x64
		{5C3DF74B-99DE-4375-9780-C726320B2235}.Debug|x86.ActiveCfg = Debug|Win32
		{5C3DF74B-99DE-4375-9780-C726320B2235}.Debug|x86.Build.0 = Debug|Win32
		{5C3DF74B-99DE-4375-9780-C726320B2235}.Release|x64.ActiveCfg = Release|x64
		{5C3DF74B-99DE-4375-9780-C726320B2235}.Release|x64.Build.0 = Release|x64
		{5C3DF74B-99DE-4375-9780-C726320B2235}.Release|x86.ActiveCfg = Release|Win32
		{5C3DF74B-99DE-4375-9780-C726320B2235}.Release|x86.Build.0 = Release|Win32
		{C99FF1DE-F523-40F3-AF4F-0FC09B585BB7}.Debug|x64.ActiveCfg = Debug|x64
		{C99FF1DE-F523-40F3-AF4F-0FC09B585BB7}.Debug|x64.Build.0 = Debug|x64
		{C99FF1DE-F523-40F3-AF4F-0FC09B585BB7}.Debug|x86.ActiveCfg = Debug|Win32
		{C99FF1DE-F523-40F3-AF4F-0FC09B585BB7}.Debug|x86.Build.0 = Debug|Win32
		{C99FF1DE-F523-40F3-AF4F-0FC09B585BB7}.Release|x64.ActiveCfg = Release|x64
		{C99FF1DE-F523-40F3-AF4F-0FC09B585BB7}.Release|x64.Build.0 = Release|x64
		{C99FF1DE-F523-40F3-AF4F-0FC09B585BB7}.Release|x86.ActiveCfg = Release|Win32
		{C99FF1DE-F523-40F3-AF4F-0FC09B585BB7}.Release|x86.Build.0 = Release|Win32
		{B1D4EC60-CEC3-4A0A-8AFB-0A02016DD20E}.Debug|x64.ActiveCfg = Debug|x64
		{B1D4EC60-CEC3-4A0A-8AFB-0A02016DD20E}.Debug|x64.Build.0 = Debug|x64
		{B1D4EC60-CEC3-4A0A-8AFB-0A02016DD20E}.Debug|x86.ActiveCfg = Debug|Win32
		{B1D4EC60-CEC3-4A0A-8AFB-0A02016DD20E}.Debug|x86.Build.0 = Debug|Win32
		{B1D4EC60-CEC3-4A0A-8AFB-0A02016DD20E}.Release|x64.ActiveCfg = Release|x64
		{B1D4EC60-CEC3-4A0A-8AFB-0A02016DD20E}.Release|x64.Build.0 = Release|x64
		{B1D4EC60-CEC3-4A0A-8AFB-0A02016DD20E}.Release|x86.ActiveCfg = Release|Win32
		{B1D4EC60-CEC3-4A0A-8AFB-0A02016DD20E}.Release|x86.Build.0 = Release|Win32
	EndGlobalSection
	GlobalSection(SolutionProperties) = preSolution
		HideSolutionNode = FALSE
	EndGlobalSection
	GlobalSection(ExtensibilityGlobals) = postSolution
		SolutionGuid = {1064FA50-F81D-44CF-9653-5255A46E366B}
	EndGlobalSection
EndGlobal
